
Microsoft Visual Studio Solution File, Format Version 12.00
# Visual Studio Version 17
VisualStudioVersion = 17.8.34408.163
MinimumVisualStudioVersion = 10.0.40219.1
Project("{FAE04EC0-301F-11D3-BF4B-00C04F79EFBC}") = "ConsoleTemplate", "ConsoleTemplate\ConsoleTemplate.csproj", "{1A214D20-6848-4F3F-912D-D7EB1E902B6E}"
EndProject
Global
	GlobalSection(SolutionConfigurationPlatforms) = preSolution
		Debug|Any CPU = Debug|Any CPU
		Release|Any CPU = Release|Any CPU
	EndGlobalSection
	GlobalSection(ProjectConfigurationPlatforms) = postSolution
		{1A214D20-6848-4F3F-912D-D7EB1E902B6E}.Debug|Any CPU.ActiveCfg = Debug|Any CPU
		{1A214D20-6848-4F3F-912D-D7EB1E902B6E}.Debug|Any CPU.Build.0 = Debug|Any CPU
		{1A214D20-6848-4F3F-912D-D7EB1E902B6E}.Release|Any CPU.ActiveCfg = Release|Any CPU
		{1A214D20-6848-4F3F-912D-D7EB1E902B6E}.Release|Any CPU.Build.0 = Release|Any CPU
	EndGlobalSection
	GlobalSection(SolutionProperties) = preSolution
		HideSolutionNode = FALSE
	EndGlobalSection
	GlobalSection(ExtensibilityGlobals) = postSolution
		SolutionGuid = {D5091A3D-9060-42DE-BE3A-DCF8D62FEC5C}
	EndGlobalSection
EndGlobal
